// !$*UTF8*$!
{
	archiveVersion = 1;
	classes = {
	};
	objectVersion = 56;
	objects = {

/* Begin PBXBuildFile section */
		4FC9E1ED2BF1049B00F630AB /* IOSTemplateApp.swift in Sources */ = {isa = PBXBuildFile; fileRef = 4FC9E1EC2BF1049B00F630AB /* IOSTemplateApp.swift */; };
		4FC9E1EF2BF1049B00F630AB /* ContentView.swift in Sources */ = {isa = PBXBuildFile; fileRef = 4FC9E1EE2BF1049B00F630AB /* ContentView.swift */; };
		4FC9E1F12BF1049C00F630AB /* Assets.xcassets in Resources */ = {isa = PBXBuildFile; fileRef = 4FC9E1F02BF1049C00F630AB /* Assets.xcassets */; };
		4FC9E1F42BF1049C00F630AB /* Preview Assets.xcassets in Resources */ = {isa = PBXBuildFile; fileRef = 4FC9E1F32BF1049C00F630AB /* Preview Assets.xcassets */; };
		4FC9E1FE2BF1049C00F630AB /* IOSTemplateAppTests.swift in Sources */ = {isa = PBXBuildFile; fileRef = 4FC9E1FD2BF1049C00F630AB /* IOSTemplateAppTests.swift */; };
		4FC9E2082BF1049C00F630AB /* IOSTemplateAppUITests.swift in Sources */ = {isa = PBXBuildFile; fileRef = 4FC9E2072BF1049C00F630AB /* IOSTemplateAppUITests.swift */; };
		4FC9E20A2BF1049C00F630AB /* IOSTemplateAppUITestsLaunchTests.swift in Sources */ = {isa = PBXBuildFile; fileRef = 4FC9E2092BF1049C00F630AB /* IOSTemplateAppUITestsLaunchTests.swift */; };
/* End PBXBuildFile section */

/* Begin PBXContainerItemProxy section */
		4FC9E1FA2BF1049C00F630AB /* PBXContainerItemProxy */ = {
			isa = PBXContainerItemProxy;
			containerPortal = 4FC9E1E12BF1049B00F630AB /* Project object */;
			proxyType = 1;
			remoteGlobalIDString = 4FC9E1E82BF1049B00F630AB;
			remoteInfo = IOSTemplateApp;
		};
		4FC9E2042BF1049C00F630AB /* PBXContainerItemProxy */ = {
			isa = PBXContainerItemProxy;
			containerPortal = 4FC9E1E12BF1049B00F630AB /* Project object */;
			proxyType = 1;
			remoteGlobalIDString = 4FC9E1E82BF1049B00F630AB;
			remoteInfo = IOSTemplateApp;
		};
/* End PBXContainerItemProxy section */

/* Begin PBXFileReference section */
		4FC9E1E92BF1049B00F630AB /* IOSTemplateApp.app */ = {isa = PBXFileReference; explicitFileType = wrapper.application; includeInIndex = 0; path = IOSTemplateApp.app; sourceTree = BUILT_PRODUCTS_DIR; };
		4FC9E1EC2BF1049B00F630AB /* IOSTemplateApp.swift */ = {isa = PBXFileReference; lastKnownFileType = sourcecode.swift; path = IOSTemplateApp.swift; sourceTree = "<group>"; };
		4FC9E1EE2BF1049B00F630AB /* ContentView.swift */ = {isa = PBXFileReference; lastKnownFileType = sourcecode.swift; path = ContentView.swift; sourceTree = "<group>"; };
		4FC9E1F02BF1049C00F630AB /* Assets.xcassets */ = {isa = PBXFileReference; lastKnownFileType = folder.assetcatalog; path = Assets.xcassets; sourceTree = "<group>"; };
		4FC9E1F32BF1049C00F630AB /* Preview Assets.xcassets */ = {isa = PBXFileReference; lastKnownFileType = folder.assetcatalog; path = "Preview Assets.xcassets"; sourceTree = "<group>"; };
		4FC9E1F92BF1049C00F630AB /* IOSTemplateAppTests.xctest */ = {isa = PBXFileReference; explicitFileType = wrapper.cfbundle; includeInIndex = 0; path = IOSTemplateAppTests.xctest; sourceTree = BUILT_PRODUCTS_DIR; };
		4FC9E1FD2BF1049C00F630AB /* IOSTemplateAppTests.swift */ = {isa = PBXFileReference; lastKnownFileType = sourcecode.swift; path = IOSTemplateAppTests.swift; sourceTree = "<group>"; };
		4FC9E2032BF1049C00F630AB /* IOSTemplateAppUITests.xctest */ = {isa = PBXFileReference; explicitFileType = wrapper.cfbundle; includeInIndex = 0; path = IOSTemplateAppUITests.xctest; sourceTree = BUILT_PRODUCTS_DIR; };
		4FC9E2072BF1049C00F630AB /* IOSTemplateAppUITests.swift */ = {isa = PBXFileReference; lastKnownFileType = sourcecode.swift; path = IOSTemplateAppUITests.swift; sourceTree = "<group>"; };
		4FC9E2092BF1049C00F630AB /* IOSTemplateAppUITestsLaunchTests.swift */ = {isa = PBXFileReference; lastKnownFileType = sourcecode.swift; path = IOSTemplateAppUITestsLaunchTests.swift; sourceTree = "<group>"; };
/* End PBXFileReference section */

/* Begin PBXFrameworksBuildPhase section */
		4FC9E1E62BF1049B00F630AB /* Frameworks */ = {
			isa = PBXFrameworksBuildPhase;
			buildActionMask = 2147483647;
			files = (
			);
			runOnlyForDeploymentPostprocessing = 0;
		};
		4FC9E1F62BF1049C00F630AB /* Frameworks */ = {
			isa = PBXFrameworksBuildPhase;
			buildActionMask = 2147483647;
			files = (
			);
			runOnlyForDeploymentPostprocessing = 0;
		};
		4FC9E2002BF1049C00F630AB /* Frameworks */ = {
			isa = PBXFrameworksBuildPhase;
			buildActionMask = 2147483647;
			files = (
			);
			runOnlyForDeploymentPostprocessing = 0;
		};
/* End PBXFrameworksBuildPhase section */

/* Begin PBXGroup section */
		4FC9E1E02BF1049B00F630AB = {
			isa = PBXGroup;
			children = (
				4FC9E1EB2BF1049B00F630AB /* IOSTemplateApp */,
				4FC9E1FC2BF1049C00F630AB /* IOSTemplateAppTests */,
				4FC9E2062BF1049C00F630AB /* IOSTemplateAppUITests */,
				4FC9E1EA2BF1049B00F630AB /* Products */,
			);
			sourceTree = "<group>";
		};
		4FC9E1EA2BF1049B00F630AB /* Products */ = {
			isa = PBXGroup;
			children = (
				4FC9E1E92BF1049B00F630AB /* IOSTemplateApp.app */,
				4FC9E1F92BF1049C00F630AB /* IOSTemplateAppTests.xctest */,
				4FC9E2032BF1049C00F630AB /* IOSTemplateAppUITests.xctest */,
			);
			name = Products;
			sourceTree = "<group>";
		};
		4FC9E1EB2BF1049B00F630AB /* IOSTemplateApp */ = {
			isa = PBXGroup;
			children = (
				4FC9E1EC2BF1049B00F630AB /* IOSTemplateApp.swift */,
				4FC9E1EE2BF1049B00F630AB /* ContentView.swift */,
				4FC9E1F02BF1049C00F630AB /* Assets.xcassets */,
				4FC9E1F22BF1049C00F630AB /* Preview Content */,
			);
			path = IOSTemplateApp;
			sourceTree = "<group>";
		};
		4FC9E1F22BF1049C00F630AB /* Preview Content */ = {
			isa = PBXGroup;
			children = (
				4FC9E1F32BF1049C00F630AB /* Preview Assets.xcassets */,
			);
			path = "Preview Content";
			sourceTree = "<group>";
		};
		4FC9E1FC2BF1049C00F630AB /* IOSTemplateAppTests */ = {
			isa = PBXGroup;
			children = (
				4FC9E1FD2BF1049C00F630AB /* IOSTemplateAppTests.swift */,
			);
			path = IOSTemplateAppTests;
			sourceTree = "<group>";
		};
		4FC9E2062BF1049C00F630AB /* IOSTemplateAppUITests */ = {
			isa = PBXGroup;
			children = (
				4FC9E2072BF1049C00F630AB /* IOSTemplateAppUITests.swift */,
				4FC9E2092BF1049C00F630AB /* IOSTemplateAppUITestsLaunchTests.swift */,
			);
			path = IOSTemplateAppUITests;
			sourceTree = "<group>";
		};
/* End PBXGroup section */

/* Begin PBXNativeTarget section */
		4FC9E1E82BF1049B00F630AB /* IOSTemplateApp */ = {
			isa = PBXNativeTarget;
			buildConfigurationList = 4FC9E20D2BF1049C00F630AB /* Build configuration list for PBXNativeTarget "IOSTemplateApp" */;
			buildPhases = (
				4FC9E1E52BF1049B00F630AB /* Sources */,
				4FC9E1E62BF1049B00F630AB /* Frameworks */,
				4FC9E1E72BF1049B00F630AB /* Resources */,
			);
			buildRules = (
			);
			dependencies = (
			);
			name = IOSTemplateApp;
			productName = IOSTemplateApp;
			productReference = 4FC9E1E92BF1049B00F630AB /* IOSTemplateApp.app */;
			productType = "com.apple.product-type.application";
		};
		4FC9E1F82BF1049C00F630AB /* IOSTemplateAppTests */ = {
			isa = PBXNativeTarget;
			buildConfigurationList = 4FC9E2102BF1049C00F630AB /* Build configuration list for PBXNativeTarget "IOSTemplateAppTests" */;
			buildPhases = (
				4FC9E1F52BF1049C00F630AB /* Sources */,
				4FC9E1F62BF1049C00F630AB /* Frameworks */,
				4FC9E1F72BF1049C00F630AB /* Resources */,
			);
			buildRules = (
			);
			dependencies = (
				4FC9E1FB2BF1049C00F630AB /* PBXTargetDependency */,
			);
			name = IOSTemplateAppTests;
			productName = IOSTemplateAppTests;
			productReference = 4FC9E1F92BF1049C00F630AB /* IOSTemplateAppTests.xctest */;
			productType = "com.apple.product-type.bundle.unit-test";
		};
		4FC9E2022BF1049C00F630AB /* IOSTemplateAppUITests */ = {
			isa = PBXNativeTarget;
			buildConfigurationList = 4FC9E2132BF1049C00F630AB /* Build configuration list for PBXNativeTarget "IOSTemplateAppUITests" */;
			buildPhases = (
				4FC9E1FF2BF1049C00F630AB /* Sources */,
				4FC9E2002BF1049C00F630AB /* Frameworks */,
				4FC9E2012BF1049C00F630AB /* Resources */,
			);
			buildRules = (
			);
			dependencies = (
				4FC9E2052BF1049C00F630AB /* PBXTargetDependency */,
			);
			name = IOSTemplateAppUITests;
			productName = IOSTemplateAppUITests;
			productReference = 4FC9E2032BF1049C00F630AB /* IOSTemplateAppUITests.xctest */;
			productType = "com.apple.product-type.bundle.ui-testing";
		};
/* End PBXNativeTarget section */

/* Begin PBXProject section */
		4FC9E1E12BF1049B00F630AB /* Project object */ = {
			isa = PBXProject;
			attributes = {
				BuildIndependentTargetsInParallel = 1;
				LastSwiftUpdateCheck = 1530;
				LastUpgradeCheck = 1530;
				TargetAttributes = {
					4FC9E1E82BF1049B00F630AB = {
						CreatedOnToolsVersion = 15.3;
					};
					4FC9E1F82BF1049C00F630AB = {
						CreatedOnToolsVersion = 15.3;
						TestTargetID = 4FC9E1E82BF1049B00F630AB;
					};
					4FC9E2022BF1049C00F630AB = {
						CreatedOnToolsVersion = 15.3;
						TestTargetID = 4FC9E1E82BF1049B00F630AB;
					};
				};
			};
			buildConfigurationList = 4FC9E1E42BF1049B00F630AB /* Build configuration list for PBXProject "IOSTemplateApp" */;
			compatibilityVersion = "Xcode 14.0";
			developmentRegion = en;
			hasScannedForEncodings = 0;
			knownRegions = (
				en,
				Base,
			);
			mainGroup = 4FC9E1E02BF1049B00F630AB;
			productRefGroup = 4FC9E1EA2BF1049B00F630AB /* Products */;
			projectDirPath = "";
			projectRoot = "";
			targets = (
				4FC9E1E82BF1049B00F630AB /* IOSTemplateApp */,
				4FC9E1F82BF1049C00F630AB /* IOSTemplateAppTests */,
				4FC9E2022BF1049C00F630AB /* IOSTemplateAppUITests */,
			);
		};
/* End PBXProject section */

/* Begin PBXResourcesBuildPhase section */
		4FC9E1E72BF1049B00F630AB /* Resources */ = {
			isa = PBXResourcesBuildPhase;
			buildActionMask = 2147483647;
			files = (
				4FC9E1F42BF1049C00F630AB /* Preview Assets.xcassets in Resources */,
				4FC9E1F12BF1049C00F630AB /* Assets.xcassets in Resources */,
			);
			runOnlyForDeploymentPostprocessing = 0;
		};
		4FC9E1F72BF1049C00F630AB /* Resources */ = {
			isa = PBXResourcesBuildPhase;
			buildActionMask = 2147483647;
			files = (
			);
			runOnlyForDeploymentPostprocessing = 0;
		};
		4FC9E2012BF1049C00F630AB /* Resources */ = {
			isa = PBXResourcesBuildPhase;
			buildActionMask = 2147483647;
			files = (
			);
			runOnlyForDeploymentPostprocessing = 0;
		};
/* End PBXResourcesBuildPhase section */

/* Begin PBXSourcesBuildPhase section */
		4FC9E1E52BF1049B00F630AB /* Sources */ = {
			isa = PBXSourcesBuildPhase;
			buildActionMask = 2147483647;
			files = (
				4FC9E1EF2BF1049B00F630AB /* ContentView.swift in Sources */,
				4FC9E1ED2BF1049B00F630AB /* IOSTemplateApp.swift in Sources */,
			);
			runOnlyForDeploymentPostprocessing = 0;
		};
		4FC9E1F52BF1049C00F630AB /* Sources */ = {
			isa = PBXSourcesBuildPhase;
			buildActionMask = 2147483647;
			files = (
				4FC9E1FE2BF1049C00F630AB /* IOSTemplateAppTests.swift in Sources */,
			);
			runOnlyForDeploymentPostprocessing = 0;
		};
		4FC9E1FF2BF1049C00F630AB /* Sources */ = {
			isa = PBXSourcesBuildPhase;
			buildActionMask = 2147483647;
			files = (
				4FC9E20A2BF1049C00F630AB /* IOSTemplateAppUITestsLaunchTests.swift in Sources */,
				4FC9E2082BF1049C00F630AB /* IOSTemplateAppUITests.swift in Sources */,
			);
			runOnlyForDeploymentPostprocessing = 0;
		};
/* End PBXSourcesBuildPhase section */

/* Begin PBXTargetDependency section */
		4FC9E1FB2BF1049C00F630AB /* PBXTargetDependency */ = {
			isa = PBXTargetDependency;
			target = 4FC9E1E82BF1049B00F630AB /* IOSTemplateApp */;
			targetProxy = 4FC9E1FA2BF1049C00F630AB /* PBXContainerItemProxy */;
		};
		4FC9E2052BF1049C00F630AB /* PBXTargetDependency */ = {
			isa = PBXTargetDependency;
			target = 4FC9E1E82BF1049B00F630AB /* IOSTemplateApp */;
			targetProxy = 4FC9E2042BF1049C00F630AB /* PBXContainerItemProxy */;
		};
/* End PBXTargetDependency section */

/* Begin XCBuildConfiguration section */
		4FC9E20B2BF1049C00F630AB /* Debug */ = {
			isa = XCBuildConfiguration;
			buildSettings = {
				ALWAYS_SEARCH_USER_PATHS = NO;
				ASSETCATALOG_COMPILER_GENERATE_SWIFT_ASSET_SYMBOL_EXTENSIONS = YES;
				CLANG_ANALYZER_NONNULL = YES;
				CLANG_ANALYZER_NUMBER_OBJECT_CONVERSION = YES_AGGRESSIVE;
				CLANG_CXX_LANGUAGE_STANDARD = "gnu++20";
				CLANG_ENABLE_MODULES = YES;
				CLANG_ENABLE_OBJC_ARC = YES;
				CLANG_ENABLE_OBJC_WEAK = YES;
				CLANG_WARN_BLOCK_CAPTURE_AUTORELEASING = YES;
				CLANG_WARN_BOOL_CONVERSION = YES;
				CLANG_WARN_COMMA = YES;
				CLANG_WARN_CONSTANT_CONVERSION = YES;
				CLANG_WARN_DEPRECATED_OBJC_IMPLEMENTATIONS = YES;
				CLANG_WARN_DIRECT_OBJC_ISA_USAGE = YES_ERROR;
				CLANG_WARN_DOCUMENTATION_COMMENTS = YES;
				CLANG_WARN_EMPTY_BODY = YES;
				CLANG_WARN_ENUM_CONVERSION = YES;
				CLANG_WARN_INFINITE_RECURSION = YES;
				CLANG_WARN_INT_CONVERSION = YES;
				CLANG_WARN_NON_LITERAL_NULL_CONVERSION = YES;
				CLANG_WARN_OBJC_IMPLICIT_RETAIN_SELF = YES;
				CLANG_WARN_OBJC_LITERAL_CONVERSION = YES;
				CLANG_WARN_OBJC_ROOT_CLASS = YES_ERROR;
				CLANG_WARN_QUOTED_INCLUDE_IN_FRAMEWORK_HEADER = YES;
				CLANG_WARN_RANGE_LOOP_ANALYSIS = YES;
				CLANG_WARN_STRICT_PROTOTYPES = YES;
				CLANG_WARN_SUSPICIOUS_MOVE = YES;
				CLANG_WARN_UNGUARDED_AVAILABILITY = YES_AGGRESSIVE;
				CLANG_WARN_UNREACHABLE_CODE = YES;
				CLANG_WARN__DUPLICATE_METHOD_MATCH = YES;
				COPY_PHASE_STRIP = NO;
				DEBUG_INFORMATION_FORMAT = dwarf;
				ENABLE_STRICT_OBJC_MSGSEND = YES;
				ENABLE_TESTABILITY = YES;
				ENABLE_USER_SCRIPT_SANDBOXING = YES;
				GCC_C_LANGUAGE_STANDARD = gnu17;
				GCC_DYNAMIC_NO_PIC = NO;
				GCC_NO_COMMON_BLOCKS = YES;
				GCC_OPTIMIZATION_LEVEL = 0;
				GCC_PREPROCESSOR_DEFINITIONS = (
					"DEBUG=1",
					"$(inherited)",
				);
				GCC_WARN_64_TO_32_BIT_CONVERSION = YES;
				GCC_WARN_ABOUT_RETURN_TYPE = YES_ERROR;
				GCC_WARN_UNDECLARED_SELECTOR = YES;
				GCC_WARN_UNINITIALIZED_AUTOS = YES_AGGRESSIVE;
				GCC_WARN_UNUSED_FUNCTION = YES;
				GCC_WARN_UNUSED_VARIABLE = YES;
				IPHONEOS_DEPLOYMENT_TARGET = 17.4;
				LOCALIZATION_PREFERS_STRING_CATALOGS = YES;
				MTL_ENABLE_DEBUG_INFO = INCLUDE_SOURCE;
				MTL_FAST_MATH = YES;
				ONLY_ACTIVE_ARCH = YES;
				SDKROOT = iphoneos;
				SWIFT_ACTIVE_COMPILATION_CONDITIONS = "DEBUG $(inherited)";
				SWIFT_OPTIMIZATION_LEVEL = "-Onone";
			};
			name = Debug;
		};
		4FC9E20C2BF1049C00F630AB /* Release */ = {
			isa = XCBuildConfiguration;
			buildSettings = {
				ALWAYS_SEARCH_USER_PATHS = NO;
				ASSETCATALOG_COMPILER_GENERATE_SWIFT_ASSET_SYMBOL_EXTENSIONS = YES;
				CLANG_ANALYZER_NONNULL = YES;
				CLANG_ANALYZER_NUMBER_OBJECT_CONVERSION = YES_AGGRESSIVE;
				CLANG_CXX_LANGUAGE_STANDARD = "gnu++20";
				CLANG_ENABLE_MODULES = YES;
				CLANG_ENABLE_OBJC_ARC = YES;
				CLANG_ENABLE_OBJC_WEAK = YES;
				CLANG_WARN_BLOCK_CAPTURE_AUTORELEASING = YES;
				CLANG_WARN_BOOL_CONVERSION = YES;
				CLANG_WARN_COMMA = YES;
				CLANG_WARN_CONSTANT_CONVERSION = YES;
				CLANG_WARN_DEPRECATED_OBJC_IMPLEMENTATIONS = YES;
				CLANG_WARN_DIRECT_OBJC_ISA_USAGE = YES_ERROR;
				CLANG_WARN_DOCUMENTATION_COMMENTS = YES;
				CLANG_WARN_EMPTY_BODY = YES;
				CLANG_WARN_ENUM_CONVERSION = YES;
				CLANG_WARN_INFINITE_RECURSION = YES;
				CLANG_WARN_INT_CONVERSION = YES;
				CLANG_WARN_NON_LITERAL_NULL_CONVERSION = YES;
				CLANG_WARN_OBJC_IMPLICIT_RETAIN_SELF = YES;
				CLANG_WARN_OBJC_LITERAL_CONVERSION = YES;
				CLANG_WARN_OBJC_ROOT_CLASS = YES_ERROR;
				CLANG_WARN_QUOTED_INCLUDE_IN_FRAMEWORK_HEADER = YES;
				CLANG_WARN_RANGE_LOOP_ANALYSIS = YES;
				CLANG_WARN_STRICT_PROTOTYPES = YES;
				CLANG_WARN_SUSPICIOUS_MOVE = YES;
				CLANG_WARN_UNGUARDED_AVAILABILITY = YES_AGGRESSIVE;
				CLANG_WARN_UNREACHABLE_CODE = YES;
				CLANG_WARN__DUPLICATE_METHOD_MATCH = YES;
				COPY_PHASE_STRIP = NO;
				DEBUG_INFORMATION_FORMAT = "dwarf-with-dsym";
				ENABLE_NS_ASSERTIONS = NO;
				ENABLE_STRICT_OBJC_MSGSEND = YES;
				ENABLE_USER_SCRIPT_SANDBOXING = YES;
				GCC_C_LANGUAGE_STANDARD = gnu17;
				GCC_NO_COMMON_BLOCKS = YES;
				GCC_WARN_64_TO_32_BIT_CONVERSION = YES;
				GCC_WARN_ABOUT_RETURN_TYPE = YES_ERROR;
				GCC_WARN_UNDECLARED_SELECTOR = YES;
				GCC_WARN_UNINITIALIZED_AUTOS = YES_AGGRESSIVE;
				GCC_WARN_UNUSED_FUNCTION = YES;
				GCC_WARN_UNUSED_VARIABLE = YES;
				IPHONEOS_DEPLOYMENT_TARGET = 17.4;
				LOCALIZATION_PREFERS_STRING_CATALOGS = YES;
				MTL_ENABLE_DEBUG_INFO = NO;
				MTL_FAST_MATH = YES;
				SDKROOT = iphoneos;
				SWIFT_COMPILATION_MODE = wholemodule;
				VALIDATE_PRODUCT = YES;
			};
			name = Release;
		};
		4FC9E20E2BF1049C00F630AB /* Debug */ = {
			isa = XCBuildConfiguration;
			buildSettings = {
				ASSETCATALOG_COMPILER_APPICON_NAME = AppIcon;
				ASSETCATALOG_COMPILER_GLOBAL_ACCENT_COLOR_NAME = AccentColor;
				CODE_SIGN_STYLE = Automatic;
				CURRENT_PROJECT_VERSION = 1;
				DEVELOPMENT_ASSET_PATHS = "\"IOSTemplateApp/Preview Content\"";
				DEVELOPMENT_TEAM = XU74X3434S;
				ENABLE_PREVIEWS = YES;
				GENERATE_INFOPLIST_FILE = YES;
				INFOPLIST_KEY_UIApplicationSceneManifest_Generation = YES;
				INFOPLIST_KEY_UIApplicationSupportsIndirectInputEvents = YES;
				INFOPLIST_KEY_UILaunchScreen_Generation = YES;
				INFOPLIST_KEY_UISupportedInterfaceOrientations_iPad = "UIInterfaceOrientationPortrait UIInterfaceOrientationPortraitUpsideDown UIInterfaceOrientationLandscapeLeft UIInterfaceOrientationLandscapeRight";
				INFOPLIST_KEY_UISupportedInterfaceOrientations_iPhone = "UIInterfaceOrientationPortrait UIInterfaceOrientationLandscapeLeft UIInterfaceOrientationLandscapeRight";
				LD_RUNPATH_SEARCH_PATHS = (
					"$(inherited)",
					"@executable_path/Frameworks",
				);
				MARKETING_VERSION = 1.0.0;
				PRODUCT_BUNDLE_IDENTIFIER = ml.mrs1669.IOSTemplateApp;
				PRODUCT_NAME = "$(TARGET_NAME)";
				SWIFT_EMIT_LOC_STRINGS = YES;
				SWIFT_VERSION = 5.0;
				TARGETED_DEVICE_FAMILY = "1,2";
			};
			name = Debug;
		};
		4FC9E20F2BF1049C00F630AB /* Release */ = {
			isa = XCBuildConfiguration;
			buildSettings = {
				ASSETCATALOG_COMPILER_APPICON_NAME = AppIcon;
				ASSETCATALOG_COMPILER_GLOBAL_ACCENT_COLOR_NAME = AccentColor;
				CODE_SIGN_STYLE = Automatic;
				CURRENT_PROJECT_VERSION = 1;
				DEVELOPMENT_ASSET_PATHS = "\"IOSTemplateApp/Preview Content\"";
				DEVELOPMENT_TEAM = XU74X3434S;
				ENABLE_PREVIEWS = YES;
				GENERATE_INFOPLIST_FILE = YES;
				INFOPLIST_KEY_UIApplicationSceneManifest_Generation = YES;
				INFOPLIST_KEY_UIApplicationSupportsIndirectInputEvents = YES;
				INFOPLIST_KEY_UILaunchScreen_Generation = YES;
				INFOPLIST_KEY_UISupportedInterfaceOrientations_iPad = "UIInterfaceOrientationPortrait UIInterfaceOrientationPortraitUpsideDown UIInterfaceOrientationLandscapeLeft UIInterfaceOrientationLandscapeRight";
				INFOPLIST_KEY_UISupportedInterfaceOrientations_iPhone = "UIInterfaceOrientationPortrait UIInterfaceOrientationLandscapeLeft UIInterfaceOrientationLandscapeRight";
				LD_RUNPATH_SEARCH_PATHS = (
					"$(inherited)",
					"@executable_path/Frameworks",
				);
				MARKETING_VERSION = 1.0.0;
				PRODUCT_BUNDLE_IDENTIFIER = ml.mrs1669.IOSTemplateApp;
				PRODUCT_NAME = "$(TARGET_NAME)";
				SWIFT_EMIT_LOC_STRINGS = YES;
				SWIFT_VERSION = 5.0;
				TARGETED_DEVICE_FAMILY = "1,2";
			};
			name = Release;
		};
		4FC9E2112BF1049C00F630AB /* Debug */ = {
			isa = XCBuildConfiguration;
			buildSettings = {
				ALWAYS_EMBED_SWIFT_STANDARD_LIBRARIES = YES;
				BUNDLE_LOADER = "$(TEST_HOST)";
				CODE_SIGN_STYLE = Automatic;
				CURRENT_PROJECT_VERSION = 1;
				DEVELOPMENT_TEAM = XU74X3434S;
				GENERATE_INFOPLIST_FILE = YES;
				IPHONEOS_DEPLOYMENT_TARGET = 17.4;
				MARKETING_VERSION = 1.0;
				PRODUCT_BUNDLE_IDENTIFIER = ml.mrs1669.IOSTemplateAppTests;
				PRODUCT_NAME = "$(TARGET_NAME)";
				SWIFT_EMIT_LOC_STRINGS = NO;
				SWIFT_VERSION = 5.0;
				TARGETED_DEVICE_FAMILY = "1,2";
				TEST_HOST = "$(BUILT_PRODUCTS_DIR)/IOSTemplateApp.app/$(BUNDLE_EXECUTABLE_FOLDER_PATH)/IOSTemplateApp";
			};
			name = Debug;
		};
		4FC9E2122BF1049C00F630AB /* Release */ = {
			isa = XCBuildConfiguration;
			buildSettings = {
				ALWAYS_EMBED_SWIFT_STANDARD_LIBRARIES = YES;
				BUNDLE_LOADER = "$(TEST_HOST)";
				CODE_SIGN_STYLE = Automatic;
				CURRENT_PROJECT_VERSION = 1;
				DEVELOPMENT_TEAM = XU74X3434S;
				GENERATE_INFOPLIST_FILE = YES;
				IPHONEOS_DEPLOYMENT_TARGET = 17.4;
				MARKETING_VERSION = 1.0;
				PRODUCT_BUNDLE_IDENTIFIER = ml.mrs1669.IOSTemplateAppTests;
				PRODUCT_NAME = "$(TARGET_NAME)";
				SWIFT_EMIT_LOC_STRINGS = NO;
				SWIFT_VERSION = 5.0;
				TARGETED_DEVICE_FAMILY = "1,2";
				TEST_HOST = "$(BUILT_PRODUCTS_DIR)/IOSTemplateApp.app/$(BUNDLE_EXECUTABLE_FOLDER_PATH)/IOSTemplateApp";
			};
			name = Release;
		};
		4FC9E2142BF1049C00F630AB /* Debug */ = {
			isa = XCBuildConfiguration;
			buildSettings = {
				ALWAYS_EMBED_SWIFT_STANDARD_LIBRARIES = YES;
				CODE_SIGN_STYLE = Automatic;
				CURRENT_PROJECT_VERSION = 1;
				DEVELOPMENT_TEAM = XU74X3434S;
				GENERATE_INFOPLIST_FILE = YES;
				MARKETING_VERSION = 1.0;
				PRODUCT_BUNDLE_IDENTIFIER = ml.mrs1669.IOSTemplateAppUITests;
				PRODUCT_NAME = "$(TARGET_NAME)";
				SWIFT_EMIT_LOC_STRINGS = NO;
				SWIFT_VERSION = 5.0;
				TARGETED_DEVICE_FAMILY = "1,2";
				TEST_TARGET_NAME = IOSTemplateApp;
			};
			name = Debug;
		};
		4FC9E2152BF1049C00F630AB /* Release */ = {
			isa = XCBuildConfiguration;
			buildSettings = {
				ALWAYS_EMBED_SWIFT_STANDARD_LIBRARIES = YES;
				CODE_SIGN_STYLE = Automatic;
				CURRENT_PROJECT_VERSION = 1;
				DEVELOPMENT_TEAM = XU74X3434S;
				GENERATE_INFOPLIST_FILE = YES;
				MARKETING_VERSION = 1.0;
				PRODUCT_BUNDLE_IDENTIFIER = ml.mrs1669.IOSTemplateAppUITests;
				PRODUCT_NAME = "$(TARGET_NAME)";
				SWIFT_EMIT_LOC_STRINGS = NO;
				SWIFT_VERSION = 5.0;
				TARGETED_DEVICE_FAMILY = "1,2";
				TEST_TARGET_NAME = IOSTemplateApp;
			};
			name = Release;
		};
/* End XCBuildConfiguration section */

/* Begin XCConfigurationList section */
		4FC9E1E42BF1049B00F630AB /* Build configuration list for PBXProject "IOSTemplateApp" */ = {
			isa = XCConfigurationList;
			buildConfigurations = (
				4FC9E20B2BF1049C00F630AB /* Debug */,
				4FC9E20C2BF1049C00F630AB /* Release */,
			);
			defaultConfigurationIsVisible = 0;
			defaultConfigurationName = Release;
		};
		4FC9E20D2BF1049C00F630AB /* Build configuration list for PBXNativeTarget "IOSTemplateApp" */ = {
			isa = XCConfigurationList;
			buildConfigurations = (
				4FC9E20E2BF1049C00F630AB /* Debug */,
				4FC9E20F2BF1049C00F630AB /* Release */,
			);
			defaultConfigurationIsVisible = 0;
			defaultConfigurationName = Release;
		};
		4FC9E2102BF1049C00F630AB /* Build configuration list for PBXNativeTarget "IOSTemplateAppTests" */ = {
			isa = XCConfigurationList;
			buildConfigurations = (
				4FC9E2112BF1049C00F630AB /* Debug */,
				4FC9E2122BF1049C00F630AB /* Release */,
			);
			defaultConfigurationIsVisible = 0;
			defaultConfigurationName = Release;
		};
		4FC9E2132BF1049C00F630AB /* Build configuration list for PBXNativeTarget "IOSTemplateAppUITests" */ = {
			isa = XCConfigurationList;
			buildConfigurations = (
				4FC9E2142BF1049C00F630AB /* Debug */,
				4FC9E2152BF1049C00F630AB /* Release */,
			);
			defaultConfigurationIsVisible = 0;
			defaultConfigurationName = Release;
		};
/* End XCConfigurationList section */
	};
	rootObject = 4FC9E1E12BF1049B00F630AB /* Project object */;
}
